{
  "pins": [
    {
      "identity": "virgil-crypto-c",
      "kind": "remoteSourceControl",
      "location": "https://github.com/VirgilSecurity/virgil-crypto-c.git",
      "state": {
        "revision": "14942f289394c6819b0547ee20e5dfc26217021f",
        "version": "0.19.0-rc.13"
      }
    }
  ],
  "version": 2
}
