{
  "pins" : [
    {
      "identity" : "virgil-crypto-c",
      "kind" : "remoteSourceControl",
      "location" : "https://github.com/VirgilSecurity/virgil-crypto-c.git",
      "state" : {
        "revision" : "6afc46fb96689ec43096619f55fe39f5513dfb70",
        "version" : "0.17.1-dev.2"
      }
    }
  ],
  "version" : 2
}
