// !$*UTF8*$!
{
	archiveVersion = 1;
	classes = {
	};
	objectVersion = 46;
	objects = {

/* Begin PBXBuildFile section */
		42F85ED61DC7469E00C3184C /* VirgilCrypto.framework in Frameworks */ = {isa = PBXBuildFile; fileRef = 42F85ECD1DC7469D00C3184C /* VirgilCrypto.framework */; };
		42F85EDB1DC7469E00C3184C /* VirgilCryptoTests.m in Sources */ = {isa = PBXBuildFile; fileRef = 42F85EDA1DC7469E00C3184C /* VirgilCryptoTests.m */; };
		42F85EDD1DC7469E00C3184C /* VirgilCrypto.h in Headers */ = {isa = PBXBuildFile; fileRef = 42F85ECF1DC7469D00C3184C /* VirgilCrypto.h */; settings = {ATTRIBUTES = (Public, ); }; };
/* End PBXBuildFile section */

/* Begin PBXContainerItemProxy section */
		42F85ED71DC7469E00C3184C /* PBXContainerItemProxy */ = {
			isa = PBXContainerItemProxy;
			containerPortal = 3614026D1BB2A6CB002E69CA /* Project object */;
			proxyType = 1;
			remoteGlobalIDString = 42F85ECC1DC7469D00C3184C;
			remoteInfo = VirgilCrypto;
		};
/* End PBXContainerItemProxy section */

/* Begin PBXFileReference section */
		360949791C88D73A00CCF563 /* VC004_StreamCryptorSwiftTests.swift */ = {isa = PBXFileReference; fileEncoding = 4; lastKnownFileType = sourcecode.swift; path = VC004_StreamCryptorSwiftTests.swift; sourceTree = "<group>"; };
		3609497B1C88D75500CCF563 /* VC005_ChunkCryptorSwiftTests.swift */ = {isa = PBXFileReference; fileEncoding = 4; lastKnownFileType = sourcecode.swift; path = VC005_ChunkCryptorSwiftTests.swift; sourceTree = "<group>"; };
		3609497D1C88D76800CCF563 /* VC006_StreamSignerSwiftTests.swift */ = {isa = PBXFileReference; fileEncoding = 4; lastKnownFileType = sourcecode.swift; path = VC006_StreamSignerSwiftTests.swift; sourceTree = "<group>"; };
		361402791BB2A6CB002E69CA /* Info.plist */ = {isa = PBXFileReference; lastKnownFileType = text.plist.xml; path = Info.plist; sourceTree = "<group>"; };
		3614027A1BB2A6CB002E69CA /* main.m */ = {isa = PBXFileReference; lastKnownFileType = sourcecode.c.objc; path = main.m; sourceTree = "<group>"; };
		3614027C1BB2A6CB002E69CA /* AppDelegate.h */ = {isa = PBXFileReference; lastKnownFileType = sourcecode.c.h; path = AppDelegate.h; sourceTree = "<group>"; };
		3614027D1BB2A6CB002E69CA /* AppDelegate.m */ = {isa = PBXFileReference; lastKnownFileType = sourcecode.c.objc; path = AppDelegate.m; sourceTree = "<group>"; };
		3614027F1BB2A6CB002E69CA /* ViewController.h */ = {isa = PBXFileReference; lastKnownFileType = sourcecode.c.h; path = ViewController.h; sourceTree = "<group>"; };
		361402801BB2A6CB002E69CA /* ViewController.m */ = {isa = PBXFileReference; lastKnownFileType = sourcecode.c.objc; path = ViewController.m; sourceTree = "<group>"; };
		361402831BB2A6CB002E69CA /* Base */ = {isa = PBXFileReference; lastKnownFileType = file.storyboard; name = Base; path = Base.lproj/Main.storyboard; sourceTree = "<group>"; };
		361402851BB2A6CB002E69CA /* Images.xcassets */ = {isa = PBXFileReference; lastKnownFileType = folder.assetcatalog; path = Images.xcassets; sourceTree = "<group>"; };
		361402881BB2A6CB002E69CA /* Base */ = {isa = PBXFileReference; lastKnownFileType = file.xib; name = Base; path = Base.lproj/LaunchScreen.xib; sourceTree = "<group>"; };
		361402931BB2A6CB002E69CA /* Info.plist */ = {isa = PBXFileReference; lastKnownFileType = text.plist.xml; path = Info.plist; sourceTree = "<group>"; };
		361402A11BB2A731002E69CA /* VSCCryptor.h */ = {isa = PBXFileReference; fileEncoding = 4; lastKnownFileType = sourcecode.c.h; path = VSCCryptor.h; sourceTree = "<group>"; };
		361402A21BB2A731002E69CA /* VSCCryptor.mm */ = {isa = PBXFileReference; fileEncoding = 4; lastKnownFileType = sourcecode.cpp.objcpp; path = VSCCryptor.mm; sourceTree = "<group>"; };
		361402A31BB2A731002E69CA /* VSCKeyPair.h */ = {isa = PBXFileReference; fileEncoding = 4; lastKnownFileType = sourcecode.c.h; path = VSCKeyPair.h; sourceTree = "<group>"; };
		361402A41BB2A731002E69CA /* VSCKeyPair.mm */ = {isa = PBXFileReference; fileEncoding = 4; lastKnownFileType = sourcecode.cpp.objcpp; path = VSCKeyPair.mm; sourceTree = "<group>"; };
		361402A51BB2A731002E69CA /* VSCSigner.h */ = {isa = PBXFileReference; fileEncoding = 4; lastKnownFileType = sourcecode.c.h; path = VSCSigner.h; sourceTree = "<group>"; };
		361402A61BB2A731002E69CA /* VSCSigner.mm */ = {isa = PBXFileReference; fileEncoding = 4; lastKnownFileType = sourcecode.cpp.objcpp; path = VSCSigner.mm; sourceTree = "<group>"; };
		361402A71BB2A731002E69CA /* VSCVirgilVersion.h */ = {isa = PBXFileReference; fileEncoding = 4; lastKnownFileType = sourcecode.c.h; path = VSCVirgilVersion.h; sourceTree = "<group>"; };
		361402A81BB2A731002E69CA /* VSCVirgilVersion.mm */ = {isa = PBXFileReference; fileEncoding = 4; lastKnownFileType = sourcecode.cpp.objcpp; path = VSCVirgilVersion.mm; sourceTree = "<group>"; };
		361402AF1BB2A897002E69CA /* VC001_KeyPairTests.m */ = {isa = PBXFileReference; fileEncoding = 4; lastKnownFileType = sourcecode.c.objc; path = VC001_KeyPairTests.m; sourceTree = "<group>"; };
		361402B11BB2AB60002E69CA /* VC002_CryptorTests.m */ = {isa = PBXFileReference; fileEncoding = 4; lastKnownFileType = sourcecode.c.objc; path = VC002_CryptorTests.m; sourceTree = "<group>"; };
		361402BA1BB2AC5B002E69CA /* Info.plist */ = {isa = PBXFileReference; lastKnownFileType = text.plist.xml; path = Info.plist; sourceTree = "<group>"; };
		361402BB1BB2AC5B002E69CA /* AppDelegate.swift */ = {isa = PBXFileReference; lastKnownFileType = sourcecode.swift; path = AppDelegate.swift; sourceTree = "<group>"; };
		361402BD1BB2AC5B002E69CA /* ViewController.swift */ = {isa = PBXFileReference; lastKnownFileType = sourcecode.swift; path = ViewController.swift; sourceTree = "<group>"; };
		361402C01BB2AC5B002E69CA /* Base */ = {isa = PBXFileReference; lastKnownFileType = file.storyboard; name = Base; path = Base.lproj/Main.storyboard; sourceTree = "<group>"; };
		361402C21BB2AC5B002E69CA /* Images.xcassets */ = {isa = PBXFileReference; lastKnownFileType = folder.assetcatalog; path = Images.xcassets; sourceTree = "<group>"; };
		361402C51BB2AC5B002E69CA /* Base */ = {isa = PBXFileReference; lastKnownFileType = file.xib; name = Base; path = Base.lproj/LaunchScreen.xib; sourceTree = "<group>"; };
		361402D01BB2AC5B002E69CA /* Info.plist */ = {isa = PBXFileReference; lastKnownFileType = text.plist.xml; path = Info.plist; sourceTree = "<group>"; };
		361402D91BB2AFFD002E69CA /* VC003_SignerTests.m */ = {isa = PBXFileReference; fileEncoding = 4; lastKnownFileType = sourcecode.c.objc; path = VC003_SignerTests.m; sourceTree = "<group>"; };
		361402EA1BB2C186002E69CA /* BridgingHeader.h */ = {isa = PBXFileReference; lastKnownFileType = sourcecode.c.h; name = BridgingHeader.h; path = ../BridgingHeader.h; sourceTree = "<group>"; };
		361403011BB2D232002E69CA /* VC002_CryptorSwiftTests.swift */ = {isa = PBXFileReference; fileEncoding = 4; lastKnownFileType = sourcecode.swift; path = VC002_CryptorSwiftTests.swift; sourceTree = "<group>"; };
		361403021BB2D232002E69CA /* VC001_KeyPairSwiftTests.swift */ = {isa = PBXFileReference; fileEncoding = 4; lastKnownFileType = sourcecode.swift; path = VC001_KeyPairSwiftTests.swift; sourceTree = "<group>"; };
		361403031BB2D232002E69CA /* VC003_SignerSwiftTests.swift */ = {isa = PBXFileReference; fileEncoding = 4; lastKnownFileType = sourcecode.swift; path = VC003_SignerSwiftTests.swift; sourceTree = "<group>"; };
		36182BEA1C8629B700CDF68F /* VSCChunkCryptor.h */ = {isa = PBXFileReference; fileEncoding = 4; lastKnownFileType = sourcecode.c.h; path = VSCChunkCryptor.h; sourceTree = "<group>"; };
		36182BEB1C8629B700CDF68F /* VSCChunkCryptor.mm */ = {isa = PBXFileReference; fileEncoding = 4; lastKnownFileType = sourcecode.cpp.objcpp; path = VSCChunkCryptor.mm; sourceTree = "<group>"; };
		3620406B1C7C859E003A477D /* VSCBaseCryptor.h */ = {isa = PBXFileReference; fileEncoding = 4; lastKnownFileType = sourcecode.c.h; path = VSCBaseCryptor.h; sourceTree = "<group>"; };
		3620406C1C7C859E003A477D /* VSCBaseCryptor.mm */ = {isa = PBXFileReference; fileEncoding = 4; lastKnownFileType = sourcecode.cpp.objcpp; path = VSCBaseCryptor.mm; sourceTree = "<group>"; };
		3620406F1C7C889F003A477D /* VSCBaseCryptor_Private.h */ = {isa = PBXFileReference; fileEncoding = 4; lastKnownFileType = sourcecode.c.h; path = VSCBaseCryptor_Private.h; sourceTree = "<group>"; };
		3675039C1D361B9200D0633B /* VSCTinyCryptor.h */ = {isa = PBXFileReference; fileEncoding = 4; lastKnownFileType = sourcecode.c.h; path = VSCTinyCryptor.h; sourceTree = "<group>"; };
		3675039D1D361B9200D0633B /* VSCTinyCryptor.mm */ = {isa = PBXFileReference; fileEncoding = 4; lastKnownFileType = sourcecode.cpp.objcpp; path = VSCTinyCryptor.mm; sourceTree = "<group>"; };
		367503A01D3CBE7100D0633B /* VC008_TinyCryptorTests.m */ = {isa = PBXFileReference; fileEncoding = 4; lastKnownFileType = sourcecode.c.objc; path = VC008_TinyCryptorTests.m; sourceTree = "<group>"; };
		36AFED901C7F495400F5D6F0 /* VSCStreamCryptor.h */ = {isa = PBXFileReference; fileEncoding = 4; lastKnownFileType = sourcecode.c.h; path = VSCStreamCryptor.h; sourceTree = "<group>"; };
		36AFED911C7F495400F5D6F0 /* VSCStreamCryptor.mm */ = {isa = PBXFileReference; fileEncoding = 4; lastKnownFileType = sourcecode.cpp.objcpp; path = VSCStreamCryptor.mm; sourceTree = "<group>"; };
		36D1906E1C87904700C5C40D /* VC005_ChunkCryptorTests.m */ = {isa = PBXFileReference; fileEncoding = 4; lastKnownFileType = sourcecode.c.objc; path = VC005_ChunkCryptorTests.m; sourceTree = "<group>"; };
		36D190701C87906100C5C40D /* VC006_StreamSignerTests.m */ = {isa = PBXFileReference; fileEncoding = 4; lastKnownFileType = sourcecode.c.objc; path = VC006_StreamSignerTests.m; sourceTree = "<group>"; };
		36D3FE321C86D9B300319255 /* VSCStreamSigner.h */ = {isa = PBXFileReference; fileEncoding = 4; lastKnownFileType = sourcecode.c.h; path = VSCStreamSigner.h; sourceTree = "<group>"; };
		36D3FE331C86D9B300319255 /* VSCStreamSigner.mm */ = {isa = PBXFileReference; fileEncoding = 4; lastKnownFileType = sourcecode.cpp.objcpp; path = VSCStreamSigner.mm; sourceTree = "<group>"; };
		36D3FE371C86DA7F00319255 /* VSCFoundationCommons.h */ = {isa = PBXFileReference; fileEncoding = 4; lastKnownFileType = sourcecode.c.h; path = VSCFoundationCommons.h; sourceTree = "<group>"; };
		36D3FE381C86DA7F00319255 /* VSCFoundationCommons.mm */ = {isa = PBXFileReference; fileEncoding = 4; lastKnownFileType = sourcecode.cpp.objcpp; path = VSCFoundationCommons.mm; sourceTree = "<group>"; };
		36D601E51CD14D090096C784 /* VC007_PBKDFTests.m */ = {isa = PBXFileReference; fileEncoding = 4; lastKnownFileType = sourcecode.c.objc; path = VC007_PBKDFTests.m; sourceTree = "<group>"; };
		36D601E71CD162CF0096C784 /* VC007_PBKDFTests.swift */ = {isa = PBXFileReference; fileEncoding = 4; lastKnownFileType = sourcecode.swift; path = VC007_PBKDFTests.swift; sourceTree = "<group>"; };
		36D841261CCFC7490011BC02 /* VSCPBKDF.h */ = {isa = PBXFileReference; fileEncoding = 4; lastKnownFileType = sourcecode.c.h; path = VSCPBKDF.h; sourceTree = "<group>"; };
		36D841271CCFC7490011BC02 /* VSCPBKDF.mm */ = {isa = PBXFileReference; fileEncoding = 4; lastKnownFileType = sourcecode.cpp.objcpp; path = VSCPBKDF.mm; sourceTree = "<group>"; };
		36E95C101C84EA2C00D8BAEB /* VC004_StreamCryptorTests.m */ = {isa = PBXFileReference; fileEncoding = 4; lastKnownFileType = sourcecode.c.objc; path = VC004_StreamCryptorTests.m; sourceTree = "<group>"; };
		42F85ECD1DC7469D00C3184C /* VirgilCrypto.framework */ = {isa = PBXFileReference; explicitFileType = wrapper.framework; includeInIndex = 0; path = VirgilCrypto.framework; sourceTree = BUILT_PRODUCTS_DIR; };
		42F85ECF1DC7469D00C3184C /* VirgilCrypto.h */ = {isa = PBXFileReference; lastKnownFileType = sourcecode.c.h; path = VirgilCrypto.h; sourceTree = "<group>"; };
		42F85ED01DC7469D00C3184C /* Info.plist */ = {isa = PBXFileReference; lastKnownFileType = text.plist.xml; path = Info.plist; sourceTree = "<group>"; };
		42F85ED51DC7469E00C3184C /* VirgilCryptoTests.xctest */ = {isa = PBXFileReference; explicitFileType = wrapper.cfbundle; includeInIndex = 0; path = VirgilCryptoTests.xctest; sourceTree = BUILT_PRODUCTS_DIR; };
		42F85EDA1DC7469E00C3184C /* VirgilCryptoTests.m */ = {isa = PBXFileReference; lastKnownFileType = sourcecode.c.objc; path = VirgilCryptoTests.m; sourceTree = "<group>"; };
		42F85EDC1DC7469E00C3184C /* Info.plist */ = {isa = PBXFileReference; lastKnownFileType = text.plist.xml; path = Info.plist; sourceTree = "<group>"; };
		6D6ED4AFE6705512D6F8496A /* VSCByteArrayUtils.h */ = {isa = PBXFileReference; fileEncoding = 4; lastKnownFileType = sourcecode.c.h; path = VSCByteArrayUtils.h; sourceTree = "<group>"; };
		6D6EDC055321E44879FDC6DA /* VSCByteArrayUtils.mm */ = {isa = PBXFileReference; fileEncoding = 4; lastKnownFileType = sourcecode.cpp.objcpp; path = VSCByteArrayUtils.mm; sourceTree = "<group>"; };
		6D6EDD96F34D12EFD8CCC334 /* VSCHash.h */ = {isa = PBXFileReference; fileEncoding = 4; lastKnownFileType = sourcecode.c.h; path = VSCHash.h; sourceTree = "<group>"; };
		6D6EDD9892245245103E8F97 /* VSCHash.mm */ = {isa = PBXFileReference; fileEncoding = 4; lastKnownFileType = sourcecode.cpp.objcpp; path = VSCHash.mm; sourceTree = "<group>"; };
		7A612DDE1DA2C8B4001D12D7 /* VSCCrypto.framework */ = {isa = PBXFileReference; lastKnownFileType = wrapper.framework; name = VSCCrypto.framework; path = ../Frameworks/ios/VSCCrypto.framework; sourceTree = "<group>"; };
		7A612DE11DA3C835001D12D7 /* VC009_ByteArrayUtilsTests.m */ = {isa = PBXFileReference; fileEncoding = 4; lastKnownFileType = sourcecode.c.objc; path = VC009_ByteArrayUtilsTests.m; sourceTree = "<group>"; };
		7A8462C81DA50C9300F14131 /* VSCHashTests.m */ = {isa = PBXFileReference; fileEncoding = 4; lastKnownFileType = sourcecode.c.objc; path = VSCHashTests.m; sourceTree = "<group>"; };
/* End PBXFileReference section */

/* Begin PBXFrameworksBuildPhase section */
		42F85EC91DC7469D00C3184C /* Frameworks */ = {
			isa = PBXFrameworksBuildPhase;
			buildActionMask = 2147483647;
			files = (
			);
			runOnlyForDeploymentPostprocessing = 0;
		};
		42F85ED21DC7469E00C3184C /* Frameworks */ = {
			isa = PBXFrameworksBuildPhase;
			buildActionMask = 2147483647;
			files = (
				42F85ED61DC7469E00C3184C /* VirgilCrypto.framework in Frameworks */,
			);
			runOnlyForDeploymentPostprocessing = 0;
		};
/* End PBXFrameworksBuildPhase section */

/* Begin PBXGroup section */
		3614026C1BB2A6CB002E69CA = {
			isa = PBXGroup;
			children = (
				361403801BB2E129002E69CA /* VirgilCrypto Pod Content */,
				361402771BB2A6CB002E69CA /* VirgilCypto */,
				361402911BB2A6CB002E69CA /* VirgilCyptoTests */,
				361402B81BB2AC5B002E69CA /* VirgilCryptoSwift */,
				361402CE1BB2AC5B002E69CA /* VirgilCryptoSwiftTests */,
				42F85ECE1DC7469D00C3184C /* VirgilCrypto */,
				42F85ED91DC7469E00C3184C /* VirgilCryptoTests */,
				361402761BB2A6CB002E69CA /* Products */,
				7ABB78811D98434C00A83A14 /* Frameworks */,
			);
			sourceTree = "<group>";
		};
		361402761BB2A6CB002E69CA /* Products */ = {
			isa = PBXGroup;
			children = (
				42F85ECD1DC7469D00C3184C /* VirgilCrypto.framework */,
				42F85ED51DC7469E00C3184C /* VirgilCryptoTests.xctest */,
			);
			name = Products;
			sourceTree = "<group>";
		};
		361402771BB2A6CB002E69CA /* VirgilCypto */ = {
			isa = PBXGroup;
			children = (
				361402EA1BB2C186002E69CA /* BridgingHeader.h */,
				3614027C1BB2A6CB002E69CA /* AppDelegate.h */,
				3614027D1BB2A6CB002E69CA /* AppDelegate.m */,
				3614027F1BB2A6CB002E69CA /* ViewController.h */,
				361402801BB2A6CB002E69CA /* ViewController.m */,
				361402821BB2A6CB002E69CA /* Main.storyboard */,
				361402851BB2A6CB002E69CA /* Images.xcassets */,
				361402871BB2A6CB002E69CA /* LaunchScreen.xib */,
				361402781BB2A6CB002E69CA /* Supporting Files */,
			);
			path = VirgilCypto;
			sourceTree = "<group>";
		};
		361402781BB2A6CB002E69CA /* Supporting Files */ = {
			isa = PBXGroup;
			children = (
				361402791BB2A6CB002E69CA /* Info.plist */,
				3614027A1BB2A6CB002E69CA /* main.m */,
			);
			name = "Supporting Files";
			sourceTree = "<group>";
		};
		361402911BB2A6CB002E69CA /* VirgilCyptoTests */ = {
			isa = PBXGroup;
			children = (
				361402AF1BB2A897002E69CA /* VC001_KeyPairTests.m */,
				361402B11BB2AB60002E69CA /* VC002_CryptorTests.m */,
				361402D91BB2AFFD002E69CA /* VC003_SignerTests.m */,
				36E95C101C84EA2C00D8BAEB /* VC004_StreamCryptorTests.m */,
				36D1906E1C87904700C5C40D /* VC005_ChunkCryptorTests.m */,
				36D190701C87906100C5C40D /* VC006_StreamSignerTests.m */,
				36D601E51CD14D090096C784 /* VC007_PBKDFTests.m */,
				367503A01D3CBE7100D0633B /* VC008_TinyCryptorTests.m */,
				361402921BB2A6CB002E69CA /* Supporting Files */,
				7A612DE11DA3C835001D12D7 /* VC009_ByteArrayUtilsTests.m */,
				7A8462C81DA50C9300F14131 /* VSCHashTests.m */,
			);
			path = VirgilCyptoTests;
			sourceTree = "<group>";
		};
		361402921BB2A6CB002E69CA /* Supporting Files */ = {
			isa = PBXGroup;
			children = (
				361402931BB2A6CB002E69CA /* Info.plist */,
			);
			name = "Supporting Files";
			sourceTree = "<group>";
		};
		361402A01BB2A731002E69CA /* Wrapper */ = {
			isa = PBXGroup;
			children = (
				36D3FE371C86DA7F00319255 /* VSCFoundationCommons.h */,
				36D3FE381C86DA7F00319255 /* VSCFoundationCommons.mm */,
				3620406B1C7C859E003A477D /* VSCBaseCryptor.h */,
				3620406F1C7C889F003A477D /* VSCBaseCryptor_Private.h */,
				3620406C1C7C859E003A477D /* VSCBaseCryptor.mm */,
				361402A11BB2A731002E69CA /* VSCCryptor.h */,
				361402A21BB2A731002E69CA /* VSCCryptor.mm */,
				36AFED901C7F495400F5D6F0 /* VSCStreamCryptor.h */,
				36AFED911C7F495400F5D6F0 /* VSCStreamCryptor.mm */,
				36182BEA1C8629B700CDF68F /* VSCChunkCryptor.h */,
				36182BEB1C8629B700CDF68F /* VSCChunkCryptor.mm */,
				361402A31BB2A731002E69CA /* VSCKeyPair.h */,
				361402A41BB2A731002E69CA /* VSCKeyPair.mm */,
				361402A51BB2A731002E69CA /* VSCSigner.h */,
				361402A61BB2A731002E69CA /* VSCSigner.mm */,
				36D3FE321C86D9B300319255 /* VSCStreamSigner.h */,
				36D3FE331C86D9B300319255 /* VSCStreamSigner.mm */,
				361402A71BB2A731002E69CA /* VSCVirgilVersion.h */,
				361402A81BB2A731002E69CA /* VSCVirgilVersion.mm */,
				36D841261CCFC7490011BC02 /* VSCPBKDF.h */,
				36D841271CCFC7490011BC02 /* VSCPBKDF.mm */,
				3675039C1D361B9200D0633B /* VSCTinyCryptor.h */,
				3675039D1D361B9200D0633B /* VSCTinyCryptor.mm */,
				6D6ED4AFE6705512D6F8496A /* VSCByteArrayUtils.h */,
				6D6EDC055321E44879FDC6DA /* VSCByteArrayUtils.mm */,
				6D6EDD9892245245103E8F97 /* VSCHash.mm */,
				6D6EDD96F34D12EFD8CCC334 /* VSCHash.h */,
			);
			name = Wrapper;
			path = ../Wrapper;
			sourceTree = "<group>";
		};
		361402B81BB2AC5B002E69CA /* VirgilCryptoSwift */ = {
			isa = PBXGroup;
			children = (
				361402BB1BB2AC5B002E69CA /* AppDelegate.swift */,
				361402BD1BB2AC5B002E69CA /* ViewController.swift */,
				361402BF1BB2AC5B002E69CA /* Main.storyboard */,
				361402C21BB2AC5B002E69CA /* Images.xcassets */,
				361402C41BB2AC5B002E69CA /* LaunchScreen.xib */,
				361402B91BB2AC5B002E69CA /* Supporting Files */,
			);
			path = VirgilCryptoSwift;
			sourceTree = "<group>";
		};
		361402B91BB2AC5B002E69CA /* Supporting Files */ = {
			isa = PBXGroup;
			children = (
				361402BA1BB2AC5B002E69CA /* Info.plist */,
			);
			name = "Supporting Files";
			sourceTree = "<group>";
		};
		361402CE1BB2AC5B002E69CA /* VirgilCryptoSwiftTests */ = {
			isa = PBXGroup;
			children = (
				361403021BB2D232002E69CA /* VC001_KeyPairSwiftTests.swift */,
				361403011BB2D232002E69CA /* VC002_CryptorSwiftTests.swift */,
				361403031BB2D232002E69CA /* VC003_SignerSwiftTests.swift */,
				360949791C88D73A00CCF563 /* VC004_StreamCryptorSwiftTests.swift */,
				3609497B1C88D75500CCF563 /* VC005_ChunkCryptorSwiftTests.swift */,
				3609497D1C88D76800CCF563 /* VC006_StreamSignerSwiftTests.swift */,
				36D601E71CD162CF0096C784 /* VC007_PBKDFTests.swift */,
				361402CF1BB2AC5B002E69CA /* Supporting Files */,
			);
			path = VirgilCryptoSwiftTests;
			sourceTree = "<group>";
		};
		361402CF1BB2AC5B002E69CA /* Supporting Files */ = {
			isa = PBXGroup;
			children = (
				361402D01BB2AC5B002E69CA /* Info.plist */,
			);
			name = "Supporting Files";
			sourceTree = "<group>";
		};
		361403801BB2E129002E69CA /* VirgilCrypto Pod Content */ = {
			isa = PBXGroup;
			children = (
				361402A01BB2A731002E69CA /* Wrapper */,
			);
			name = "VirgilCrypto Pod Content";
			sourceTree = "<group>";
		};
		42F85ECE1DC7469D00C3184C /* VirgilCrypto */ = {
			isa = PBXGroup;
			children = (
				42F85ECF1DC7469D00C3184C /* VirgilCrypto.h */,
				42F85ED01DC7469D00C3184C /* Info.plist */,
			);
			path = VirgilCrypto;
			sourceTree = "<group>";
		};
		42F85ED91DC7469E00C3184C /* VirgilCryptoTests */ = {
			isa = PBXGroup;
			children = (
				42F85EDA1DC7469E00C3184C /* VirgilCryptoTests.m */,
				42F85EDC1DC7469E00C3184C /* Info.plist */,
			);
			path = VirgilCryptoTests;
			sourceTree = "<group>";
		};
		7ABB78811D98434C00A83A14 /* Frameworks */ = {
			isa = PBXGroup;
			children = (
				7A612DDE1DA2C8B4001D12D7 /* VSCCrypto.framework */,
			);
			name = Frameworks;
			sourceTree = "<group>";
		};
/* End PBXGroup section */

/* Begin PBXHeadersBuildPhase section */
		42F85ECA1DC7469D00C3184C /* Headers */ = {
			isa = PBXHeadersBuildPhase;
			buildActionMask = 2147483647;
			files = (
				42F85EDD1DC7469E00C3184C /* VirgilCrypto.h in Headers */,
			);
			runOnlyForDeploymentPostprocessing = 0;
		};
/* End PBXHeadersBuildPhase section */

/* Begin PBXNativeTarget section */
		42F85ECC1DC7469D00C3184C /* VirgilCrypto iOS */ = {
			isa = PBXNativeTarget;
			buildConfigurationList = 42F85EDE1DC7469E00C3184C /* Build configuration list for PBXNativeTarget "VirgilCrypto iOS" */;
			buildPhases = (
				42F85EC81DC7469D00C3184C /* Sources */,
				42F85EC91DC7469D00C3184C /* Frameworks */,
				42F85ECA1DC7469D00C3184C /* Headers */,
				42F85ECB1DC7469D00C3184C /* Resources */,
			);
			buildRules = (
			);
			dependencies = (
			);
			name = "VirgilCrypto iOS";
			productName = VirgilCrypto;
			productReference = 42F85ECD1DC7469D00C3184C /* VirgilCrypto.framework */;
			productType = "com.apple.product-type.framework";
		};
		42F85ED41DC7469E00C3184C /* VirgilCryptoTests */ = {
			isa = PBXNativeTarget;
			buildConfigurationList = 42F85EE11DC7469E00C3184C /* Build configuration list for PBXNativeTarget "VirgilCryptoTests" */;
			buildPhases = (
				42F85ED11DC7469E00C3184C /* Sources */,
				42F85ED21DC7469E00C3184C /* Frameworks */,
				42F85ED31DC7469E00C3184C /* Resources */,
			);
			buildRules = (
			);
			dependencies = (
				42F85ED81DC7469E00C3184C /* PBXTargetDependency */,
			);
			name = VirgilCryptoTests;
			productName = VirgilCryptoTests;
			productReference = 42F85ED51DC7469E00C3184C /* VirgilCryptoTests.xctest */;
			productType = "com.apple.product-type.bundle.unit-test";
		};
/* End PBXNativeTarget section */

/* Begin PBXProject section */
		3614026D1BB2A6CB002E69CA /* Project object */ = {
			isa = PBXProject;
			attributes = {
				CLASSPREFIX = VSC;
				LastSwiftUpdateCheck = 0700;
				LastUpgradeCheck = 0800;
				ORGANIZATIONNAME = VirgilSecurity;
				TargetAttributes = {
					42F85ECC1DC7469D00C3184C = {
						CreatedOnToolsVersion = 8.1;
						ProvisioningStyle = Automatic;
					};
					42F85ED41DC7469E00C3184C = {
						CreatedOnToolsVersion = 8.1;
						ProvisioningStyle = Automatic;
					};
				};
			};
			buildConfigurationList = 361402701BB2A6CB002E69CA /* Build configuration list for PBXProject "VirgilCrypto" */;
			compatibilityVersion = "Xcode 3.2";
			developmentRegion = English;
			hasScannedForEncodings = 0;
			knownRegions = (
				en,
				Base,
			);
			mainGroup = 3614026C1BB2A6CB002E69CA;
			productRefGroup = 361402761BB2A6CB002E69CA /* Products */;
			projectDirPath = "";
			projectRoot = "";
			targets = (
				42F85ECC1DC7469D00C3184C /* VirgilCrypto iOS */,
				42F85ED41DC7469E00C3184C /* VirgilCryptoTests */,
			);
		};
/* End PBXProject section */

/* Begin PBXResourcesBuildPhase section */
		42F85ECB1DC7469D00C3184C /* Resources */ = {
			isa = PBXResourcesBuildPhase;
			buildActionMask = 2147483647;
			files = (
			);
			runOnlyForDeploymentPostprocessing = 0;
		};
		42F85ED31DC7469E00C3184C /* Resources */ = {
			isa = PBXResourcesBuildPhase;
			buildActionMask = 2147483647;
			files = (
			);
			runOnlyForDeploymentPostprocessing = 0;
		};
/* End PBXResourcesBuildPhase section */

/* Begin PBXSourcesBuildPhase section */
		42F85EC81DC7469D00C3184C /* Sources */ = {
			isa = PBXSourcesBuildPhase;
			buildActionMask = 2147483647;
			files = (
			);
			runOnlyForDeploymentPostprocessing = 0;
		};
		42F85ED11DC7469E00C3184C /* Sources */ = {
			isa = PBXSourcesBuildPhase;
			buildActionMask = 2147483647;
			files = (
				42F85EDB1DC7469E00C3184C /* VirgilCryptoTests.m in Sources */,
			);
			runOnlyForDeploymentPostprocessing = 0;
		};
/* End PBXSourcesBuildPhase section */

/* Begin PBXTargetDependency section */
		42F85ED81DC7469E00C3184C /* PBXTargetDependency */ = {
			isa = PBXTargetDependency;
			target = 42F85ECC1DC7469D00C3184C /* VirgilCrypto iOS */;
			targetProxy = 42F85ED71DC7469E00C3184C /* PBXContainerItemProxy */;
		};
/* End PBXTargetDependency section */

/* Begin PBXVariantGroup section */
		361402821BB2A6CB002E69CA /* Main.storyboard */ = {
			isa = PBXVariantGroup;
			children = (
				361402831BB2A6CB002E69CA /* Base */,
			);
			name = Main.storyboard;
			sourceTree = "<group>";
		};
		361402871BB2A6CB002E69CA /* LaunchScreen.xib */ = {
			isa = PBXVariantGroup;
			children = (
				361402881BB2A6CB002E69CA /* Base */,
			);
			name = LaunchScreen.xib;
			sourceTree = "<group>";
		};
		361402BF1BB2AC5B002E69CA /* Main.storyboard */ = {
			isa = PBXVariantGroup;
			children = (
				361402C01BB2AC5B002E69CA /* Base */,
			);
			name = Main.storyboard;
			sourceTree = "<group>";
		};
		361402C41BB2AC5B002E69CA /* LaunchScreen.xib */ = {
			isa = PBXVariantGroup;
			children = (
				361402C51BB2AC5B002E69CA /* Base */,
			);
			name = LaunchScreen.xib;
			sourceTree = "<group>";
		};
/* End PBXVariantGroup section */

/* Begin XCBuildConfiguration section */
		361402961BB2A6CB002E69CA /* Debug */ = {
			isa = XCBuildConfiguration;
			buildSettings = {
				ALWAYS_SEARCH_USER_PATHS = NO;
				CLANG_CXX_LANGUAGE_STANDARD = "gnu++0x";
				CLANG_CXX_LIBRARY = "libc++";
				CLANG_ENABLE_MODULES = YES;
				CLANG_ENABLE_OBJC_ARC = YES;
				CLANG_WARN_BOOL_CONVERSION = YES;
				CLANG_WARN_CONSTANT_CONVERSION = YES;
				CLANG_WARN_DIRECT_OBJC_ISA_USAGE = YES_ERROR;
				CLANG_WARN_EMPTY_BODY = YES;
				CLANG_WARN_ENUM_CONVERSION = YES;
				CLANG_WARN_INFINITE_RECURSION = YES;
				CLANG_WARN_INT_CONVERSION = YES;
				CLANG_WARN_OBJC_ROOT_CLASS = YES_ERROR;
				CLANG_WARN_SUSPICIOUS_MOVE = YES;
				CLANG_WARN_UNREACHABLE_CODE = YES;
				CLANG_WARN__DUPLICATE_METHOD_MATCH = YES;
				"CODE_SIGN_IDENTITY[sdk=iphoneos*]" = "iPhone Developer";
				COPY_PHASE_STRIP = NO;
				DEBUG_INFORMATION_FORMAT = "dwarf-with-dsym";
				ENABLE_STRICT_OBJC_MSGSEND = YES;
				ENABLE_TESTABILITY = YES;
				GCC_C_LANGUAGE_STANDARD = gnu99;
				GCC_DYNAMIC_NO_PIC = NO;
				GCC_NO_COMMON_BLOCKS = YES;
				GCC_OPTIMIZATION_LEVEL = 0;
				GCC_PREPROCESSOR_DEFINITIONS = (
					"DEBUG=1",
					"$(inherited)",
				);
				GCC_SYMBOLS_PRIVATE_EXTERN = NO;
				GCC_WARN_64_TO_32_BIT_CONVERSION = YES;
				GCC_WARN_ABOUT_RETURN_TYPE = YES_ERROR;
				GCC_WARN_UNDECLARED_SELECTOR = YES;
				GCC_WARN_UNINITIALIZED_AUTOS = YES_AGGRESSIVE;
				GCC_WARN_UNUSED_FUNCTION = YES;
				GCC_WARN_UNUSED_VARIABLE = YES;
				IPHONEOS_DEPLOYMENT_TARGET = 9.0;
				MTL_ENABLE_DEBUG_INFO = YES;
				ONLY_ACTIVE_ARCH = YES;
				SDKROOT = iphoneos;
				TARGETED_DEVICE_FAMILY = "1,2";
			};
			name = Debug;
		};
		361402971BB2A6CB002E69CA /* Release */ = {
			isa = XCBuildConfiguration;
			buildSettings = {
				ALWAYS_SEARCH_USER_PATHS = NO;
				CLANG_CXX_LANGUAGE_STANDARD = "gnu++0x";
				CLANG_CXX_LIBRARY = "libc++";
				CLANG_ENABLE_MODULES = YES;
				CLANG_ENABLE_OBJC_ARC = YES;
				CLANG_WARN_BOOL_CONVERSION = YES;
				CLANG_WARN_CONSTANT_CONVERSION = YES;
				CLANG_WARN_DIRECT_OBJC_ISA_USAGE = YES_ERROR;
				CLANG_WARN_EMPTY_BODY = YES;
				CLANG_WARN_ENUM_CONVERSION = YES;
				CLANG_WARN_INFINITE_RECURSION = YES;
				CLANG_WARN_INT_CONVERSION = YES;
				CLANG_WARN_OBJC_ROOT_CLASS = YES_ERROR;
				CLANG_WARN_SUSPICIOUS_MOVE = YES;
				CLANG_WARN_UNREACHABLE_CODE = YES;
				CLANG_WARN__DUPLICATE_METHOD_MATCH = YES;
				"CODE_SIGN_IDENTITY[sdk=iphoneos*]" = "iPhone Developer";
				COPY_PHASE_STRIP = NO;
				DEBUG_INFORMATION_FORMAT = "dwarf-with-dsym";
				ENABLE_NS_ASSERTIONS = NO;
				ENABLE_STRICT_OBJC_MSGSEND = YES;
				GCC_C_LANGUAGE_STANDARD = gnu99;
				GCC_NO_COMMON_BLOCKS = YES;
				GCC_WARN_64_TO_32_BIT_CONVERSION = YES;
				GCC_WARN_ABOUT_RETURN_TYPE = YES_ERROR;
				GCC_WARN_UNDECLARED_SELECTOR = YES;
				GCC_WARN_UNINITIALIZED_AUTOS = YES_AGGRESSIVE;
				GCC_WARN_UNUSED_FUNCTION = YES;
				GCC_WARN_UNUSED_VARIABLE = YES;
				IPHONEOS_DEPLOYMENT_TARGET = 9.0;
				MTL_ENABLE_DEBUG_INFO = NO;
				SDKROOT = iphoneos;
				SWIFT_OPTIMIZATION_LEVEL = "-Owholemodule";
				TARGETED_DEVICE_FAMILY = "1,2";
				VALIDATE_PRODUCT = YES;
			};
			name = Release;
		};
		42F85EDF1DC7469E00C3184C /* Debug */ = {
			isa = XCBuildConfiguration;
			buildSettings = {
				CLANG_ANALYZER_NONNULL = YES;
				CLANG_WARN_DOCUMENTATION_COMMENTS = YES;
				CLANG_WARN_SUSPICIOUS_MOVES = YES;
				CODE_SIGN_IDENTITY = "";
				CURRENT_PROJECT_VERSION = 1;
				DEBUG_INFORMATION_FORMAT = dwarf;
				DEFINES_MODULE = YES;
				DYLIB_COMPATIBILITY_VERSION = 1;
				DYLIB_CURRENT_VERSION = 1;
				DYLIB_INSTALL_NAME_BASE = "@rpath";
				INFOPLIST_FILE = VirgilCrypto/Info.plist;
				INSTALL_PATH = "$(LOCAL_LIBRARY_DIR)/Frameworks";
				IPHONEOS_DEPLOYMENT_TARGET = 10.1;
				LD_RUNPATH_SEARCH_PATHS = "$(inherited) @executable_path/Frameworks @loader_path/Frameworks";
				PRODUCT_BUNDLE_IDENTIFIER = com.virgilsecurity.VirgilCrypto;
				PRODUCT_NAME = VirgilCrypto;
				SKIP_INSTALL = YES;
				VERSIONING_SYSTEM = "apple-generic";
				VERSION_INFO_PREFIX = "";
			};
			name = Debug;
		};
		42F85EE01DC7469E00C3184C /* Release */ = {
			isa = XCBuildConfiguration;
			buildSettings = {
				CLANG_ANALYZER_NONNULL = YES;
				CLANG_WARN_DOCUMENTATION_COMMENTS = YES;
				CLANG_WARN_SUSPICIOUS_MOVES = YES;
				CODE_SIGN_IDENTITY = "";
				CURRENT_PROJECT_VERSION = 1;
				DEFINES_MODULE = YES;
				DYLIB_COMPATIBILITY_VERSION = 1;
				DYLIB_CURRENT_VERSION = 1;
				DYLIB_INSTALL_NAME_BASE = "@rpath";
				INFOPLIST_FILE = VirgilCrypto/Info.plist;
				INSTALL_PATH = "$(LOCAL_LIBRARY_DIR)/Frameworks";
				IPHONEOS_DEPLOYMENT_TARGET = 10.1;
				LD_RUNPATH_SEARCH_PATHS = "$(inherited) @executable_path/Frameworks @loader_path/Frameworks";
				PRODUCT_BUNDLE_IDENTIFIER = com.virgilsecurity.VirgilCrypto;
				PRODUCT_NAME = VirgilCrypto;
				SKIP_INSTALL = YES;
				VERSIONING_SYSTEM = "apple-generic";
				VERSION_INFO_PREFIX = "";
			};
			name = Release;
		};
		42F85EE21DC7469E00C3184C /* Debug */ = {
			isa = XCBuildConfiguration;
			buildSettings = {
				CLANG_ANALYZER_NONNULL = YES;
				CLANG_WARN_DOCUMENTATION_COMMENTS = YES;
				CLANG_WARN_SUSPICIOUS_MOVES = YES;
				DEBUG_INFORMATION_FORMAT = dwarf;
				INFOPLIST_FILE = VirgilCryptoTests/Info.plist;
				IPHONEOS_DEPLOYMENT_TARGET = 10.1;
				LD_RUNPATH_SEARCH_PATHS = "$(inherited) @executable_path/Frameworks @loader_path/Frameworks";
				PRODUCT_BUNDLE_IDENTIFIER = com.virgilsecurity.VirgilCryptoTests;
				PRODUCT_NAME = "$(TARGET_NAME)";
			};
			name = Debug;
		};
		42F85EE31DC7469E00C3184C /* Release */ = {
			isa = XCBuildConfiguration;
			buildSettings = {
				CLANG_ANALYZER_NONNULL = YES;
				CLANG_WARN_DOCUMENTATION_COMMENTS = YES;
				CLANG_WARN_SUSPICIOUS_MOVES = YES;
				INFOPLIST_FILE = VirgilCryptoTests/Info.plist;
				IPHONEOS_DEPLOYMENT_TARGET = 10.1;
				LD_RUNPATH_SEARCH_PATHS = "$(inherited) @executable_path/Frameworks @loader_path/Frameworks";
				PRODUCT_BUNDLE_IDENTIFIER = com.virgilsecurity.VirgilCryptoTests;
				PRODUCT_NAME = "$(TARGET_NAME)";
			};
			name = Release;
		};
/* End XCBuildConfiguration section */

/* Begin XCConfigurationList section */
		361402701BB2A6CB002E69CA /* Build configuration list for PBXProject "VirgilCrypto" */ = {
			isa = XCConfigurationList;
			buildConfigurations = (
				361402961BB2A6CB002E69CA /* Debug */,
				361402971BB2A6CB002E69CA /* Release */,
			);
			defaultConfigurationIsVisible = 0;
			defaultConfigurationName = Release;
		};
		42F85EDE1DC7469E00C3184C /* Build configuration list for PBXNativeTarget "VirgilCrypto iOS" */ = {
			isa = XCConfigurationList;
			buildConfigurations = (
				42F85EDF1DC7469E00C3184C /* Debug */,
				42F85EE01DC7469E00C3184C /* Release */,
			);
			defaultConfigurationIsVisible = 0;
		};
		42F85EE11DC7469E00C3184C /* Build configuration list for PBXNativeTarget "VirgilCryptoTests" */ = {
			isa = XCConfigurationList;
			buildConfigurations = (
				42F85EE21DC7469E00C3184C /* Debug */,
				42F85EE31DC7469E00C3184C /* Release */,
			);
			defaultConfigurationIsVisible = 0;
		};
/* End XCConfigurationList section */
	};
	rootObject = 3614026D1BB2A6CB002E69CA /* Project object */;
}
