// !$*UTF8*$!
{
	archiveVersion = 1;
	classes = {
	};
	objectVersion = 46;
	objects = {

/* Begin PBXBuildFile section */
		3614027B1BB2A6CB002E69CA /* main.m in Sources */ = {isa = PBXBuildFile; fileRef = 3614027A1BB2A6CB002E69CA /* main.m */; };
		3614027E1BB2A6CB002E69CA /* AppDelegate.m in Sources */ = {isa = PBXBuildFile; fileRef = 3614027D1BB2A6CB002E69CA /* AppDelegate.m */; };
		361402811BB2A6CB002E69CA /* ViewController.m in Sources */ = {isa = PBXBuildFile; fileRef = 361402801BB2A6CB002E69CA /* ViewController.m */; };
		361402841BB2A6CB002E69CA /* Main.storyboard in Resources */ = {isa = PBXBuildFile; fileRef = 361402821BB2A6CB002E69CA /* Main.storyboard */; };
		361402861BB2A6CB002E69CA /* Images.xcassets in Resources */ = {isa = PBXBuildFile; fileRef = 361402851BB2A6CB002E69CA /* Images.xcassets */; };
		361402891BB2A6CB002E69CA /* LaunchScreen.xib in Resources */ = {isa = PBXBuildFile; fileRef = 361402871BB2A6CB002E69CA /* LaunchScreen.xib */; };
		361402AB1BB2A731002E69CA /* VSSCryptor.mm in Sources */ = {isa = PBXBuildFile; fileRef = 361402A21BB2A731002E69CA /* VSSCryptor.mm */; };
		361402AC1BB2A731002E69CA /* VSSKeyPair.mm in Sources */ = {isa = PBXBuildFile; fileRef = 361402A41BB2A731002E69CA /* VSSKeyPair.mm */; };
		361402AD1BB2A731002E69CA /* VSSSigner.mm in Sources */ = {isa = PBXBuildFile; fileRef = 361402A61BB2A731002E69CA /* VSSSigner.mm */; };
		361402AE1BB2A731002E69CA /* VSSVirgilVersion.mm in Sources */ = {isa = PBXBuildFile; fileRef = 361402A81BB2A731002E69CA /* VSSVirgilVersion.mm */; };
		361402B01BB2A897002E69CA /* VC001_KeyPairTests.m in Sources */ = {isa = PBXBuildFile; fileRef = 361402AF1BB2A897002E69CA /* VC001_KeyPairTests.m */; };
		361402B21BB2AB60002E69CA /* VC002_CryptorTests.m in Sources */ = {isa = PBXBuildFile; fileRef = 361402B11BB2AB60002E69CA /* VC002_CryptorTests.m */; };
		361402BC1BB2AC5B002E69CA /* AppDelegate.swift in Sources */ = {isa = PBXBuildFile; fileRef = 361402BB1BB2AC5B002E69CA /* AppDelegate.swift */; };
		361402BE1BB2AC5B002E69CA /* ViewController.swift in Sources */ = {isa = PBXBuildFile; fileRef = 361402BD1BB2AC5B002E69CA /* ViewController.swift */; };
		361402C11BB2AC5B002E69CA /* Main.storyboard in Resources */ = {isa = PBXBuildFile; fileRef = 361402BF1BB2AC5B002E69CA /* Main.storyboard */; };
		361402C31BB2AC5B002E69CA /* Images.xcassets in Resources */ = {isa = PBXBuildFile; fileRef = 361402C21BB2AC5B002E69CA /* Images.xcassets */; };
		361402C61BB2AC5B002E69CA /* LaunchScreen.xib in Resources */ = {isa = PBXBuildFile; fileRef = 361402C41BB2AC5B002E69CA /* LaunchScreen.xib */; };
		361402DA1BB2AFFD002E69CA /* VC003_SignerTests.m in Sources */ = {isa = PBXBuildFile; fileRef = 361402D91BB2AFFD002E69CA /* VC003_SignerTests.m */; };
		361402FD1BB2CE2B002E69CA /* VSSCryptor.mm in Sources */ = {isa = PBXBuildFile; fileRef = 361402A21BB2A731002E69CA /* VSSCryptor.mm */; };
		361402FE1BB2CE2D002E69CA /* VSSKeyPair.mm in Sources */ = {isa = PBXBuildFile; fileRef = 361402A41BB2A731002E69CA /* VSSKeyPair.mm */; };
		361402FF1BB2CE32002E69CA /* VSSSigner.mm in Sources */ = {isa = PBXBuildFile; fileRef = 361402A61BB2A731002E69CA /* VSSSigner.mm */; };
		361403001BB2CE34002E69CA /* VSSVirgilVersion.mm in Sources */ = {isa = PBXBuildFile; fileRef = 361402A81BB2A731002E69CA /* VSSVirgilVersion.mm */; };
		361403041BB2D232002E69CA /* VC002_CryptorSwiftTests.swift in Sources */ = {isa = PBXBuildFile; fileRef = 361403011BB2D232002E69CA /* VC002_CryptorSwiftTests.swift */; };
		361403051BB2D232002E69CA /* VC001_KeyPairSwiftTests.swift in Sources */ = {isa = PBXBuildFile; fileRef = 361403021BB2D232002E69CA /* VC001_KeyPairSwiftTests.swift */; };
		361403061BB2D232002E69CA /* VC003_SignerSwiftTests.swift in Sources */ = {isa = PBXBuildFile; fileRef = 361403031BB2D232002E69CA /* VC003_SignerSwiftTests.swift */; };
		369D04F01C29DEE90071FB18 /* VirgilCrypto.framework in Frameworks */ = {isa = PBXBuildFile; fileRef = 369D04E91C29DEE90071FB18 /* VirgilCrypto.framework */; };
		369D04F41C29F6A20071FB18 /* VirgilCrypto.framework in Frameworks */ = {isa = PBXBuildFile; fileRef = 369D04E91C29DEE90071FB18 /* VirgilCrypto.framework */; };
/* End PBXBuildFile section */

/* Begin PBXContainerItemProxy section */
		3614028F1BB2A6CB002E69CA /* PBXContainerItemProxy */ = {
			isa = PBXContainerItemProxy;
			containerPortal = 3614026D1BB2A6CB002E69CA /* Project object */;
			proxyType = 1;
			remoteGlobalIDString = 361402741BB2A6CB002E69CA;
			remoteInfo = VirgilCypto;
		};
		361402CC1BB2AC5B002E69CA /* PBXContainerItemProxy */ = {
			isa = PBXContainerItemProxy;
			containerPortal = 3614026D1BB2A6CB002E69CA /* Project object */;
			proxyType = 1;
			remoteGlobalIDString = 361402B61BB2AC5B002E69CA;
			remoteInfo = VirgilCryptoSwift;
		};
/* End PBXContainerItemProxy section */

/* Begin PBXFileReference section */
		361402751BB2A6CB002E69CA /* VirgilCypto.app */ = {isa = PBXFileReference; explicitFileType = wrapper.application; includeInIndex = 0; path = VirgilCypto.app; sourceTree = BUILT_PRODUCTS_DIR; };
		361402791BB2A6CB002E69CA /* Info.plist */ = {isa = PBXFileReference; lastKnownFileType = text.plist.xml; path = Info.plist; sourceTree = "<group>"; };
		3614027A1BB2A6CB002E69CA /* main.m */ = {isa = PBXFileReference; lastKnownFileType = sourcecode.c.objc; path = main.m; sourceTree = "<group>"; };
		3614027C1BB2A6CB002E69CA /* AppDelegate.h */ = {isa = PBXFileReference; lastKnownFileType = sourcecode.c.h; path = AppDelegate.h; sourceTree = "<group>"; };
		3614027D1BB2A6CB002E69CA /* AppDelegate.m */ = {isa = PBXFileReference; lastKnownFileType = sourcecode.c.objc; path = AppDelegate.m; sourceTree = "<group>"; };
		3614027F1BB2A6CB002E69CA /* ViewController.h */ = {isa = PBXFileReference; lastKnownFileType = sourcecode.c.h; path = ViewController.h; sourceTree = "<group>"; };
		361402801BB2A6CB002E69CA /* ViewController.m */ = {isa = PBXFileReference; lastKnownFileType = sourcecode.c.objc; path = ViewController.m; sourceTree = "<group>"; };
		361402831BB2A6CB002E69CA /* Base */ = {isa = PBXFileReference; lastKnownFileType = file.storyboard; name = Base; path = Base.lproj/Main.storyboard; sourceTree = "<group>"; };
		361402851BB2A6CB002E69CA /* Images.xcassets */ = {isa = PBXFileReference; lastKnownFileType = folder.assetcatalog; path = Images.xcassets; sourceTree = "<group>"; };
		361402881BB2A6CB002E69CA /* Base */ = {isa = PBXFileReference; lastKnownFileType = file.xib; name = Base; path = Base.lproj/LaunchScreen.xib; sourceTree = "<group>"; };
		3614028E1BB2A6CB002E69CA /* VirgilCyptoTests.xctest */ = {isa = PBXFileReference; explicitFileType = wrapper.cfbundle; includeInIndex = 0; path = VirgilCyptoTests.xctest; sourceTree = BUILT_PRODUCTS_DIR; };
		361402931BB2A6CB002E69CA /* Info.plist */ = {isa = PBXFileReference; lastKnownFileType = text.plist.xml; path = Info.plist; sourceTree = "<group>"; };
		361402A11BB2A731002E69CA /* VSSCryptor.h */ = {isa = PBXFileReference; fileEncoding = 4; lastKnownFileType = sourcecode.c.h; path = VSSCryptor.h; sourceTree = "<group>"; };
		361402A21BB2A731002E69CA /* VSSCryptor.mm */ = {isa = PBXFileReference; fileEncoding = 4; lastKnownFileType = sourcecode.cpp.objcpp; path = VSSCryptor.mm; sourceTree = "<group>"; };
		361402A31BB2A731002E69CA /* VSSKeyPair.h */ = {isa = PBXFileReference; fileEncoding = 4; lastKnownFileType = sourcecode.c.h; path = VSSKeyPair.h; sourceTree = "<group>"; };
		361402A41BB2A731002E69CA /* VSSKeyPair.mm */ = {isa = PBXFileReference; fileEncoding = 4; lastKnownFileType = sourcecode.cpp.objcpp; path = VSSKeyPair.mm; sourceTree = "<group>"; };
		361402A51BB2A731002E69CA /* VSSSigner.h */ = {isa = PBXFileReference; fileEncoding = 4; lastKnownFileType = sourcecode.c.h; path = VSSSigner.h; sourceTree = "<group>"; };
		361402A61BB2A731002E69CA /* VSSSigner.mm */ = {isa = PBXFileReference; fileEncoding = 4; lastKnownFileType = sourcecode.cpp.objcpp; path = VSSSigner.mm; sourceTree = "<group>"; };
		361402A71BB2A731002E69CA /* VSSVirgilVersion.h */ = {isa = PBXFileReference; fileEncoding = 4; lastKnownFileType = sourcecode.c.h; path = VSSVirgilVersion.h; sourceTree = "<group>"; };
		361402A81BB2A731002E69CA /* VSSVirgilVersion.mm */ = {isa = PBXFileReference; fileEncoding = 4; lastKnownFileType = sourcecode.cpp.objcpp; path = VSSVirgilVersion.mm; sourceTree = "<group>"; };
		361402AF1BB2A897002E69CA /* VC001_KeyPairTests.m */ = {isa = PBXFileReference; fileEncoding = 4; lastKnownFileType = sourcecode.c.objc; path = VC001_KeyPairTests.m; sourceTree = "<group>"; };
		361402B11BB2AB60002E69CA /* VC002_CryptorTests.m */ = {isa = PBXFileReference; fileEncoding = 4; lastKnownFileType = sourcecode.c.objc; path = VC002_CryptorTests.m; sourceTree = "<group>"; };
		361402B71BB2AC5B002E69CA /* VirgilCryptoSwift.app */ = {isa = PBXFileReference; explicitFileType = wrapper.application; includeInIndex = 0; path = VirgilCryptoSwift.app; sourceTree = BUILT_PRODUCTS_DIR; };
		361402BA1BB2AC5B002E69CA /* Info.plist */ = {isa = PBXFileReference; lastKnownFileType = text.plist.xml; path = Info.plist; sourceTree = "<group>"; };
		361402BB1BB2AC5B002E69CA /* AppDelegate.swift */ = {isa = PBXFileReference; lastKnownFileType = sourcecode.swift; path = AppDelegate.swift; sourceTree = "<group>"; };
		361402BD1BB2AC5B002E69CA /* ViewController.swift */ = {isa = PBXFileReference; lastKnownFileType = sourcecode.swift; path = ViewController.swift; sourceTree = "<group>"; };
		361402C01BB2AC5B002E69CA /* Base */ = {isa = PBXFileReference; lastKnownFileType = file.storyboard; name = Base; path = Base.lproj/Main.storyboard; sourceTree = "<group>"; };
		361402C21BB2AC5B002E69CA /* Images.xcassets */ = {isa = PBXFileReference; lastKnownFileType = folder.assetcatalog; path = Images.xcassets; sourceTree = "<group>"; };
		361402C51BB2AC5B002E69CA /* Base */ = {isa = PBXFileReference; lastKnownFileType = file.xib; name = Base; path = Base.lproj/LaunchScreen.xib; sourceTree = "<group>"; };
		361402CB1BB2AC5B002E69CA /* VirgilCryptoSwiftTests.xctest */ = {isa = PBXFileReference; explicitFileType = wrapper.cfbundle; includeInIndex = 0; path = VirgilCryptoSwiftTests.xctest; sourceTree = BUILT_PRODUCTS_DIR; };
		361402D01BB2AC5B002E69CA /* Info.plist */ = {isa = PBXFileReference; lastKnownFileType = text.plist.xml; path = Info.plist; sourceTree = "<group>"; };
		361402D91BB2AFFD002E69CA /* VC003_SignerTests.m */ = {isa = PBXFileReference; fileEncoding = 4; lastKnownFileType = sourcecode.c.objc; path = VC003_SignerTests.m; sourceTree = "<group>"; };
		361402EA1BB2C186002E69CA /* BridgingHeader.h */ = {isa = PBXFileReference; lastKnownFileType = sourcecode.c.h; path = BridgingHeader.h; sourceTree = "<group>"; };
		361403011BB2D232002E69CA /* VC002_CryptorSwiftTests.swift */ = {isa = PBXFileReference; fileEncoding = 4; lastKnownFileType = sourcecode.swift; path = VC002_CryptorSwiftTests.swift; sourceTree = "<group>"; };
		361403021BB2D232002E69CA /* VC001_KeyPairSwiftTests.swift */ = {isa = PBXFileReference; fileEncoding = 4; lastKnownFileType = sourcecode.swift; path = VC001_KeyPairSwiftTests.swift; sourceTree = "<group>"; };
		361403031BB2D232002E69CA /* VC003_SignerSwiftTests.swift */ = {isa = PBXFileReference; fileEncoding = 4; lastKnownFileType = sourcecode.swift; path = VC003_SignerSwiftTests.swift; sourceTree = "<group>"; };
		369D04E91C29DEE90071FB18 /* VirgilCrypto.framework */ = {isa = PBXFileReference; lastKnownFileType = wrapper.framework; path = VirgilCrypto.framework; sourceTree = "<group>"; };
		36AA779D1C3FD6480066C398 /* VirgilFoundation.h */ = {isa = PBXFileReference; fileEncoding = 4; lastKnownFileType = sourcecode.c.h; path = VirgilFoundation.h; sourceTree = "<group>"; };
/* End PBXFileReference section */

/* Begin PBXFrameworksBuildPhase section */
		361402721BB2A6CB002E69CA /* Frameworks */ = {
			isa = PBXFrameworksBuildPhase;
			buildActionMask = 2147483647;
			files = (
				369D04F01C29DEE90071FB18 /* VirgilCrypto.framework in Frameworks */,
			);
			runOnlyForDeploymentPostprocessing = 0;
		};
		3614028B1BB2A6CB002E69CA /* Frameworks */ = {
			isa = PBXFrameworksBuildPhase;
			buildActionMask = 2147483647;
			files = (
			);
			runOnlyForDeploymentPostprocessing = 0;
		};
		361402B41BB2AC5B002E69CA /* Frameworks */ = {
			isa = PBXFrameworksBuildPhase;
			buildActionMask = 2147483647;
			files = (
				369D04F41C29F6A20071FB18 /* VirgilCrypto.framework in Frameworks */,
			);
			runOnlyForDeploymentPostprocessing = 0;
		};
		361402C81BB2AC5B002E69CA /* Frameworks */ = {
			isa = PBXFrameworksBuildPhase;
			buildActionMask = 2147483647;
			files = (
			);
			runOnlyForDeploymentPostprocessing = 0;
		};
/* End PBXFrameworksBuildPhase section */

/* Begin PBXGroup section */
		3614026C1BB2A6CB002E69CA = {
			isa = PBXGroup;
			children = (
				361403801BB2E129002E69CA /* VirgilCrypto Pod Content */,
				361402771BB2A6CB002E69CA /* VirgilCypto */,
				361402911BB2A6CB002E69CA /* VirgilCyptoTests */,
				361402B81BB2AC5B002E69CA /* VirgilCryptoSwift */,
				361402CE1BB2AC5B002E69CA /* VirgilCryptoSwiftTests */,
				361402761BB2A6CB002E69CA /* Products */,
			);
			sourceTree = "<group>";
		};
		361402761BB2A6CB002E69CA /* Products */ = {
			isa = PBXGroup;
			children = (
				361402751BB2A6CB002E69CA /* VirgilCypto.app */,
				3614028E1BB2A6CB002E69CA /* VirgilCyptoTests.xctest */,
				361402B71BB2AC5B002E69CA /* VirgilCryptoSwift.app */,
				361402CB1BB2AC5B002E69CA /* VirgilCryptoSwiftTests.xctest */,
			);
			name = Products;
			sourceTree = "<group>";
		};
		361402771BB2A6CB002E69CA /* VirgilCypto */ = {
			isa = PBXGroup;
			children = (
				3614027C1BB2A6CB002E69CA /* AppDelegate.h */,
				3614027D1BB2A6CB002E69CA /* AppDelegate.m */,
				3614027F1BB2A6CB002E69CA /* ViewController.h */,
				361402801BB2A6CB002E69CA /* ViewController.m */,
				361402821BB2A6CB002E69CA /* Main.storyboard */,
				361402851BB2A6CB002E69CA /* Images.xcassets */,
				361402871BB2A6CB002E69CA /* LaunchScreen.xib */,
				361402781BB2A6CB002E69CA /* Supporting Files */,
			);
			path = VirgilCypto;
			sourceTree = "<group>";
		};
		361402781BB2A6CB002E69CA /* Supporting Files */ = {
			isa = PBXGroup;
			children = (
				361402791BB2A6CB002E69CA /* Info.plist */,
				3614027A1BB2A6CB002E69CA /* main.m */,
			);
			name = "Supporting Files";
			sourceTree = "<group>";
		};
		361402911BB2A6CB002E69CA /* VirgilCyptoTests */ = {
			isa = PBXGroup;
			children = (
				361402AF1BB2A897002E69CA /* VC001_KeyPairTests.m */,
				361402B11BB2AB60002E69CA /* VC002_CryptorTests.m */,
				361402D91BB2AFFD002E69CA /* VC003_SignerTests.m */,
				361402921BB2A6CB002E69CA /* Supporting Files */,
			);
			path = VirgilCyptoTests;
			sourceTree = "<group>";
		};
		361402921BB2A6CB002E69CA /* Supporting Files */ = {
			isa = PBXGroup;
			children = (
				361402931BB2A6CB002E69CA /* Info.plist */,
			);
			name = "Supporting Files";
			sourceTree = "<group>";
		};
		3614029E1BB2A731002E69CA /* Frameworks */ = {
			isa = PBXGroup;
			children = (
				369D04E81C29DEE90071FB18 /* ios */,
			);
			name = Frameworks;
			path = ../Frameworks;
			sourceTree = "<group>";
		};
		361402A01BB2A731002E69CA /* Wrapper */ = {
			isa = PBXGroup;
			children = (
				36AA779D1C3FD6480066C398 /* VirgilFoundation.h */,
				361402A11BB2A731002E69CA /* VSSCryptor.h */,
				361402A21BB2A731002E69CA /* VSSCryptor.mm */,
				361402A31BB2A731002E69CA /* VSSKeyPair.h */,
				361402A41BB2A731002E69CA /* VSSKeyPair.mm */,
				361402A51BB2A731002E69CA /* VSSSigner.h */,
				361402A61BB2A731002E69CA /* VSSSigner.mm */,
				361402A71BB2A731002E69CA /* VSSVirgilVersion.h */,
				361402A81BB2A731002E69CA /* VSSVirgilVersion.mm */,
			);
			name = Wrapper;
			path = ../Wrapper;
			sourceTree = "<group>";
		};
		361402B81BB2AC5B002E69CA /* VirgilCryptoSwift */ = {
			isa = PBXGroup;
			children = (
				361402BB1BB2AC5B002E69CA /* AppDelegate.swift */,
				361402BD1BB2AC5B002E69CA /* ViewController.swift */,
				361402BF1BB2AC5B002E69CA /* Main.storyboard */,
				361402C21BB2AC5B002E69CA /* Images.xcassets */,
				361402C41BB2AC5B002E69CA /* LaunchScreen.xib */,
				361402B91BB2AC5B002E69CA /* Supporting Files */,
			);
			path = VirgilCryptoSwift;
			sourceTree = "<group>";
		};
		361402B91BB2AC5B002E69CA /* Supporting Files */ = {
			isa = PBXGroup;
			children = (
				361402BA1BB2AC5B002E69CA /* Info.plist */,
			);
			name = "Supporting Files";
			sourceTree = "<group>";
		};
		361402CE1BB2AC5B002E69CA /* VirgilCryptoSwiftTests */ = {
			isa = PBXGroup;
			children = (
				361403021BB2D232002E69CA /* VC001_KeyPairSwiftTests.swift */,
				361403011BB2D232002E69CA /* VC002_CryptorSwiftTests.swift */,
				361403031BB2D232002E69CA /* VC003_SignerSwiftTests.swift */,
				361402CF1BB2AC5B002E69CA /* Supporting Files */,
			);
			path = VirgilCryptoSwiftTests;
			sourceTree = "<group>";
		};
		361402CF1BB2AC5B002E69CA /* Supporting Files */ = {
			isa = PBXGroup;
			children = (
				361402D01BB2AC5B002E69CA /* Info.plist */,
			);
			name = "Supporting Files";
			sourceTree = "<group>";
		};
		361403801BB2E129002E69CA /* VirgilCrypto Pod Content */ = {
			isa = PBXGroup;
			children = (
				361402EA1BB2C186002E69CA /* BridgingHeader.h */,
				3614029E1BB2A731002E69CA /* Frameworks */,
				361402A01BB2A731002E69CA /* Wrapper */,
			);
			name = "VirgilCrypto Pod Content";
			sourceTree = "<group>";
		};
		369D04E81C29DEE90071FB18 /* ios */ = {
			isa = PBXGroup;
			children = (
				369D04E91C29DEE90071FB18 /* VirgilCrypto.framework */,
			);
			path = ios;
			sourceTree = "<group>";
		};
/* End PBXGroup section */

/* Begin PBXNativeTarget section */
		361402741BB2A6CB002E69CA /* VirgilCypto */ = {
			isa = PBXNativeTarget;
			buildConfigurationList = 361402981BB2A6CB002E69CA /* Build configuration list for PBXNativeTarget "VirgilCypto" */;
			buildPhases = (
				361402711BB2A6CB002E69CA /* Sources */,
				361402721BB2A6CB002E69CA /* Frameworks */,
				361402731BB2A6CB002E69CA /* Resources */,
			);
			buildRules = (
			);
			dependencies = (
			);
			name = VirgilCypto;
			productName = VirgilCypto;
			productReference = 361402751BB2A6CB002E69CA /* VirgilCypto.app */;
			productType = "com.apple.product-type.application";
		};
		3614028D1BB2A6CB002E69CA /* VirgilCyptoTests */ = {
			isa = PBXNativeTarget;
			buildConfigurationList = 3614029B1BB2A6CB002E69CA /* Build configuration list for PBXNativeTarget "VirgilCyptoTests" */;
			buildPhases = (
				3614028A1BB2A6CB002E69CA /* Sources */,
				3614028B1BB2A6CB002E69CA /* Frameworks */,
				3614028C1BB2A6CB002E69CA /* Resources */,
			);
			buildRules = (
			);
			dependencies = (
				361402901BB2A6CB002E69CA /* PBXTargetDependency */,
			);
			name = VirgilCyptoTests;
			productName = VirgilCyptoTests;
			productReference = 3614028E1BB2A6CB002E69CA /* VirgilCyptoTests.xctest */;
			productType = "com.apple.product-type.bundle.unit-test";
		};
		361402B61BB2AC5B002E69CA /* VirgilCryptoSwift */ = {
			isa = PBXNativeTarget;
			buildConfigurationList = 361402D31BB2AC5B002E69CA /* Build configuration list for PBXNativeTarget "VirgilCryptoSwift" */;
			buildPhases = (
				361402B31BB2AC5B002E69CA /* Sources */,
				361402B41BB2AC5B002E69CA /* Frameworks */,
				361402B51BB2AC5B002E69CA /* Resources */,
			);
			buildRules = (
			);
			dependencies = (
			);
			name = VirgilCryptoSwift;
			productName = VirgilCryptoSwift;
			productReference = 361402B71BB2AC5B002E69CA /* VirgilCryptoSwift.app */;
			productType = "com.apple.product-type.application";
		};
		361402CA1BB2AC5B002E69CA /* VirgilCryptoSwiftTests */ = {
			isa = PBXNativeTarget;
			buildConfigurationList = 361402D61BB2AC5B002E69CA /* Build configuration list for PBXNativeTarget "VirgilCryptoSwiftTests" */;
			buildPhases = (
				361402C71BB2AC5B002E69CA /* Sources */,
				361402C81BB2AC5B002E69CA /* Frameworks */,
				361402C91BB2AC5B002E69CA /* Resources */,
			);
			buildRules = (
			);
			dependencies = (
				361402CD1BB2AC5B002E69CA /* PBXTargetDependency */,
			);
			name = VirgilCryptoSwiftTests;
			productName = VirgilCryptoSwiftTests;
			productReference = 361402CB1BB2AC5B002E69CA /* VirgilCryptoSwiftTests.xctest */;
			productType = "com.apple.product-type.bundle.unit-test";
		};
/* End PBXNativeTarget section */

/* Begin PBXProject section */
		3614026D1BB2A6CB002E69CA /* Project object */ = {
			isa = PBXProject;
			attributes = {
				LastSwiftUpdateCheck = 0700;
				LastUpgradeCheck = 0640;
				ORGANIZATIONNAME = VirgilSecurity;
				TargetAttributes = {
					361402741BB2A6CB002E69CA = {
						CreatedOnToolsVersion = 6.4;
					};
					3614028D1BB2A6CB002E69CA = {
						CreatedOnToolsVersion = 6.4;
						TestTargetID = 361402741BB2A6CB002E69CA;
					};
					361402B61BB2AC5B002E69CA = {
						CreatedOnToolsVersion = 6.4;
					};
					361402CA1BB2AC5B002E69CA = {
						CreatedOnToolsVersion = 6.4;
						TestTargetID = 361402B61BB2AC5B002E69CA;
					};
				};
			};
			buildConfigurationList = 361402701BB2A6CB002E69CA /* Build configuration list for PBXProject "VirgilCypto" */;
			compatibilityVersion = "Xcode 3.2";
			developmentRegion = English;
			hasScannedForEncodings = 0;
			knownRegions = (
				en,
				Base,
			);
			mainGroup = 3614026C1BB2A6CB002E69CA;
			productRefGroup = 361402761BB2A6CB002E69CA /* Products */;
			projectDirPath = "";
			projectRoot = "";
			targets = (
				361402741BB2A6CB002E69CA /* VirgilCypto */,
				3614028D1BB2A6CB002E69CA /* VirgilCyptoTests */,
				361402B61BB2AC5B002E69CA /* VirgilCryptoSwift */,
				361402CA1BB2AC5B002E69CA /* VirgilCryptoSwiftTests */,
			);
		};
/* End PBXProject section */

/* Begin PBXResourcesBuildPhase section */
		361402731BB2A6CB002E69CA /* Resources */ = {
			isa = PBXResourcesBuildPhase;
			buildActionMask = 2147483647;
			files = (
				361402841BB2A6CB002E69CA /* Main.storyboard in Resources */,
				361402891BB2A6CB002E69CA /* LaunchScreen.xib in Resources */,
				361402861BB2A6CB002E69CA /* Images.xcassets in Resources */,
			);
			runOnlyForDeploymentPostprocessing = 0;
		};
		3614028C1BB2A6CB002E69CA /* Resources */ = {
			isa = PBXResourcesBuildPhase;
			buildActionMask = 2147483647;
			files = (
			);
			runOnlyForDeploymentPostprocessing = 0;
		};
		361402B51BB2AC5B002E69CA /* Resources */ = {
			isa = PBXResourcesBuildPhase;
			buildActionMask = 2147483647;
			files = (
				361402C11BB2AC5B002E69CA /* Main.storyboard in Resources */,
				361402C61BB2AC5B002E69CA /* LaunchScreen.xib in Resources */,
				361402C31BB2AC5B002E69CA /* Images.xcassets in Resources */,
			);
			runOnlyForDeploymentPostprocessing = 0;
		};
		361402C91BB2AC5B002E69CA /* Resources */ = {
			isa = PBXResourcesBuildPhase;
			buildActionMask = 2147483647;
			files = (
			);
			runOnlyForDeploymentPostprocessing = 0;
		};
/* End PBXResourcesBuildPhase section */

/* Begin PBXSourcesBuildPhase section */
		361402711BB2A6CB002E69CA /* Sources */ = {
			isa = PBXSourcesBuildPhase;
			buildActionMask = 2147483647;
			files = (
				361402AD1BB2A731002E69CA /* VSSSigner.mm in Sources */,
				361402AB1BB2A731002E69CA /* VSSCryptor.mm in Sources */,
				361402811BB2A6CB002E69CA /* ViewController.m in Sources */,
				361402AE1BB2A731002E69CA /* VSSVirgilVersion.mm in Sources */,
				361402AC1BB2A731002E69CA /* VSSKeyPair.mm in Sources */,
				3614027E1BB2A6CB002E69CA /* AppDelegate.m in Sources */,
				3614027B1BB2A6CB002E69CA /* main.m in Sources */,
			);
			runOnlyForDeploymentPostprocessing = 0;
		};
		3614028A1BB2A6CB002E69CA /* Sources */ = {
			isa = PBXSourcesBuildPhase;
			buildActionMask = 2147483647;
			files = (
				361402B01BB2A897002E69CA /* VC001_KeyPairTests.m in Sources */,
				361402B21BB2AB60002E69CA /* VC002_CryptorTests.m in Sources */,
				361402DA1BB2AFFD002E69CA /* VC003_SignerTests.m in Sources */,
			);
			runOnlyForDeploymentPostprocessing = 0;
		};
		361402B31BB2AC5B002E69CA /* Sources */ = {
			isa = PBXSourcesBuildPhase;
			buildActionMask = 2147483647;
			files = (
				361402BE1BB2AC5B002E69CA /* ViewController.swift in Sources */,
				361402FF1BB2CE32002E69CA /* VSSSigner.mm in Sources */,
				361402FD1BB2CE2B002E69CA /* VSSCryptor.mm in Sources */,
				361402FE1BB2CE2D002E69CA /* VSSKeyPair.mm in Sources */,
				361403001BB2CE34002E69CA /* VSSVirgilVersion.mm in Sources */,
				361402BC1BB2AC5B002E69CA /* AppDelegate.swift in Sources */,
			);
			runOnlyForDeploymentPostprocessing = 0;
		};
		361402C71BB2AC5B002E69CA /* Sources */ = {
			isa = PBXSourcesBuildPhase;
			buildActionMask = 2147483647;
			files = (
				361403061BB2D232002E69CA /* VC003_SignerSwiftTests.swift in Sources */,
				361403051BB2D232002E69CA /* VC001_KeyPairSwiftTests.swift in Sources */,
				361403041BB2D232002E69CA /* VC002_CryptorSwiftTests.swift in Sources */,
			);
			runOnlyForDeploymentPostprocessing = 0;
		};
/* End PBXSourcesBuildPhase section */

/* Begin PBXTargetDependency section */
		361402901BB2A6CB002E69CA /* PBXTargetDependency */ = {
			isa = PBXTargetDependency;
			target = 361402741BB2A6CB002E69CA /* VirgilCypto */;
			targetProxy = 3614028F1BB2A6CB002E69CA /* PBXContainerItemProxy */;
		};
		361402CD1BB2AC5B002E69CA /* PBXTargetDependency */ = {
			isa = PBXTargetDependency;
			target = 361402B61BB2AC5B002E69CA /* VirgilCryptoSwift */;
			targetProxy = 361402CC1BB2AC5B002E69CA /* PBXContainerItemProxy */;
		};
/* End PBXTargetDependency section */

/* Begin PBXVariantGroup section */
		361402821BB2A6CB002E69CA /* Main.storyboard */ = {
			isa = PBXVariantGroup;
			children = (
				361402831BB2A6CB002E69CA /* Base */,
			);
			name = Main.storyboard;
			sourceTree = "<group>";
		};
		361402871BB2A6CB002E69CA /* LaunchScreen.xib */ = {
			isa = PBXVariantGroup;
			children = (
				361402881BB2A6CB002E69CA /* Base */,
			);
			name = LaunchScreen.xib;
			sourceTree = "<group>";
		};
		361402BF1BB2AC5B002E69CA /* Main.storyboard */ = {
			isa = PBXVariantGroup;
			children = (
				361402C01BB2AC5B002E69CA /* Base */,
			);
			name = Main.storyboard;
			sourceTree = "<group>";
		};
		361402C41BB2AC5B002E69CA /* LaunchScreen.xib */ = {
			isa = PBXVariantGroup;
			children = (
				361402C51BB2AC5B002E69CA /* Base */,
			);
			name = LaunchScreen.xib;
			sourceTree = "<group>";
		};
/* End PBXVariantGroup section */

/* Begin XCBuildConfiguration section */
		361402961BB2A6CB002E69CA /* Debug */ = {
			isa = XCBuildConfiguration;
			buildSettings = {
				ALWAYS_SEARCH_USER_PATHS = NO;
				CLANG_CXX_LANGUAGE_STANDARD = "gnu++0x";
				CLANG_CXX_LIBRARY = "libc++";
				CLANG_ENABLE_MODULES = YES;
				CLANG_ENABLE_OBJC_ARC = YES;
				CLANG_WARN_BOOL_CONVERSION = YES;
				CLANG_WARN_CONSTANT_CONVERSION = YES;
				CLANG_WARN_DIRECT_OBJC_ISA_USAGE = YES_ERROR;
				CLANG_WARN_EMPTY_BODY = YES;
				CLANG_WARN_ENUM_CONVERSION = YES;
				CLANG_WARN_INT_CONVERSION = YES;
				CLANG_WARN_OBJC_ROOT_CLASS = YES_ERROR;
				CLANG_WARN_UNREACHABLE_CODE = YES;
				CLANG_WARN__DUPLICATE_METHOD_MATCH = YES;
				"CODE_SIGN_IDENTITY[sdk=iphoneos*]" = "iPhone Developer";
				COPY_PHASE_STRIP = NO;
				DEBUG_INFORMATION_FORMAT = "dwarf-with-dsym";
				ENABLE_STRICT_OBJC_MSGSEND = YES;
				GCC_C_LANGUAGE_STANDARD = gnu99;
				GCC_DYNAMIC_NO_PIC = NO;
				GCC_NO_COMMON_BLOCKS = YES;
				GCC_OPTIMIZATION_LEVEL = 0;
				GCC_PREPROCESSOR_DEFINITIONS = (
					"DEBUG=1",
					"$(inherited)",
				);
				GCC_SYMBOLS_PRIVATE_EXTERN = NO;
				GCC_WARN_64_TO_32_BIT_CONVERSION = YES;
				GCC_WARN_ABOUT_RETURN_TYPE = YES_ERROR;
				GCC_WARN_UNDECLARED_SELECTOR = YES;
				GCC_WARN_UNINITIALIZED_AUTOS = YES_AGGRESSIVE;
				GCC_WARN_UNUSED_FUNCTION = YES;
				GCC_WARN_UNUSED_VARIABLE = YES;
				IPHONEOS_DEPLOYMENT_TARGET = 8.4;
				MTL_ENABLE_DEBUG_INFO = YES;
				ONLY_ACTIVE_ARCH = YES;
				SDKROOT = iphoneos;
				TARGETED_DEVICE_FAMILY = "1,2";
			};
			name = Debug;
		};
		361402971BB2A6CB002E69CA /* Release */ = {
			isa = XCBuildConfiguration;
			buildSettings = {
				ALWAYS_SEARCH_USER_PATHS = NO;
				CLANG_CXX_LANGUAGE_STANDARD = "gnu++0x";
				CLANG_CXX_LIBRARY = "libc++";
				CLANG_ENABLE_MODULES = YES;
				CLANG_ENABLE_OBJC_ARC = YES;
				CLANG_WARN_BOOL_CONVERSION = YES;
				CLANG_WARN_CONSTANT_CONVERSION = YES;
				CLANG_WARN_DIRECT_OBJC_ISA_USAGE = YES_ERROR;
				CLANG_WARN_EMPTY_BODY = YES;
				CLANG_WARN_ENUM_CONVERSION = YES;
				CLANG_WARN_INT_CONVERSION = YES;
				CLANG_WARN_OBJC_ROOT_CLASS = YES_ERROR;
				CLANG_WARN_UNREACHABLE_CODE = YES;
				CLANG_WARN__DUPLICATE_METHOD_MATCH = YES;
				"CODE_SIGN_IDENTITY[sdk=iphoneos*]" = "iPhone Developer";
				COPY_PHASE_STRIP = NO;
				DEBUG_INFORMATION_FORMAT = "dwarf-with-dsym";
				ENABLE_NS_ASSERTIONS = NO;
				ENABLE_STRICT_OBJC_MSGSEND = YES;
				GCC_C_LANGUAGE_STANDARD = gnu99;
				GCC_NO_COMMON_BLOCKS = YES;
				GCC_WARN_64_TO_32_BIT_CONVERSION = YES;
				GCC_WARN_ABOUT_RETURN_TYPE = YES_ERROR;
				GCC_WARN_UNDECLARED_SELECTOR = YES;
				GCC_WARN_UNINITIALIZED_AUTOS = YES_AGGRESSIVE;
				GCC_WARN_UNUSED_FUNCTION = YES;
				GCC_WARN_UNUSED_VARIABLE = YES;
				IPHONEOS_DEPLOYMENT_TARGET = 8.4;
				MTL_ENABLE_DEBUG_INFO = NO;
				SDKROOT = iphoneos;
				TARGETED_DEVICE_FAMILY = "1,2";
				VALIDATE_PRODUCT = YES;
			};
			name = Release;
		};
		361402991BB2A6CB002E69CA /* Debug */ = {
			isa = XCBuildConfiguration;
			buildSettings = {
				ASSETCATALOG_COMPILER_APPICON_NAME = AppIcon;
				FRAMEWORK_SEARCH_PATHS = (
					"$(inherited)",
					"/Users/Orbitum/Projects/VirgilPods/VirgilCryptoiOS/Frameworks/**",
				);
				HEADER_SEARCH_PATHS = (
					"$(inherited)",
					/Applications/Xcode.app/Contents/Developer/Toolchains/XcodeDefault.xctoolchain/usr/include,
					"${PROJECT_DIR}/../Frameworks/ios/VirgilCrypto.framework/Headers",
				);
				INFOPLIST_FILE = VirgilCypto/Info.plist;
				LD_RUNPATH_SEARCH_PATHS = "$(inherited) @executable_path/Frameworks";
				PRODUCT_BUNDLE_IDENTIFIER = com.virgil.VirgilCypto;
				PRODUCT_NAME = "$(TARGET_NAME)";
			};
			name = Debug;
		};
		3614029A1BB2A6CB002E69CA /* Release */ = {
			isa = XCBuildConfiguration;
			buildSettings = {
				ASSETCATALOG_COMPILER_APPICON_NAME = AppIcon;
				FRAMEWORK_SEARCH_PATHS = (
					"$(inherited)",
					"/Users/Orbitum/Projects/VirgilPods/VirgilCryptoiOS/Frameworks/**",
				);
				HEADER_SEARCH_PATHS = (
					"$(inherited)",
					/Applications/Xcode.app/Contents/Developer/Toolchains/XcodeDefault.xctoolchain/usr/include,
					"${PROJECT_DIR}/../Frameworks/ios/VirgilCrypto.framework/Headers",
				);
				INFOPLIST_FILE = VirgilCypto/Info.plist;
				LD_RUNPATH_SEARCH_PATHS = "$(inherited) @executable_path/Frameworks";
				PRODUCT_BUNDLE_IDENTIFIER = com.virgil.VirgilCypto;
				PRODUCT_NAME = "$(TARGET_NAME)";
			};
			name = Release;
		};
		3614029C1BB2A6CB002E69CA /* Debug */ = {
			isa = XCBuildConfiguration;
			buildSettings = {
				BUNDLE_LOADER = "$(TEST_HOST)";
				FRAMEWORK_SEARCH_PATHS = (
					"$(SDKROOT)/Developer/Library/Frameworks/**",
					"$(inherited)",
				);
				GCC_PREPROCESSOR_DEFINITIONS = (
					"DEBUG=1",
					"$(inherited)",
				);
				HEADER_SEARCH_PATHS = (
					"$(inherited)",
					/Applications/Xcode.app/Contents/Developer/Toolchains/XcodeDefault.xctoolchain/usr/include,
					"${PROJECT_DIR}/../Frameworks/ios/VirgilCrypto.framework/Headers",
				);
				INFOPLIST_FILE = VirgilCyptoTests/Info.plist;
				LD_RUNPATH_SEARCH_PATHS = "$(inherited) @executable_path/Frameworks @loader_path/Frameworks";
				PRODUCT_NAME = "$(TARGET_NAME)";
				TEST_HOST = "$(BUILT_PRODUCTS_DIR)/VirgilCypto.app/VirgilCypto";
			};
			name = Debug;
		};
		3614029D1BB2A6CB002E69CA /* Release */ = {
			isa = XCBuildConfiguration;
			buildSettings = {
				BUNDLE_LOADER = "$(TEST_HOST)";
				FRAMEWORK_SEARCH_PATHS = (
					"$(SDKROOT)/Developer/Library/Frameworks/**",
					"$(inherited)",
				);
				HEADER_SEARCH_PATHS = (
					"$(inherited)",
					/Applications/Xcode.app/Contents/Developer/Toolchains/XcodeDefault.xctoolchain/usr/include,
					"${PROJECT_DIR}/../Frameworks/ios/VirgilCrypto.framework/Headers",
				);
				INFOPLIST_FILE = VirgilCyptoTests/Info.plist;
				LD_RUNPATH_SEARCH_PATHS = "$(inherited) @executable_path/Frameworks @loader_path/Frameworks";
				PRODUCT_NAME = "$(TARGET_NAME)";
				TEST_HOST = "$(BUILT_PRODUCTS_DIR)/VirgilCypto.app/VirgilCypto";
			};
			name = Release;
		};
		361402D41BB2AC5B002E69CA /* Debug */ = {
			isa = XCBuildConfiguration;
			buildSettings = {
				ASSETCATALOG_COMPILER_APPICON_NAME = AppIcon;
				FRAMEWORK_SEARCH_PATHS = (
					"$(inherited)",
					"/Users/Orbitum/Projects/VirgilPods/VirgilCryptoiOS/Frameworks/**",
				);
				GCC_PREPROCESSOR_DEFINITIONS = (
					"DEBUG=1",
					"$(inherited)",
				);
				HEADER_SEARCH_PATHS = (
					"$(inherited)",
					/Applications/Xcode.app/Contents/Developer/Toolchains/XcodeDefault.xctoolchain/usr/include,
					"${PROJECT_DIR}/../Frameworks/ios/VirgilCrypto.framework/Headers",
				);
				INFOPLIST_FILE = VirgilCryptoSwift/Info.plist;
				LD_RUNPATH_SEARCH_PATHS = "$(inherited) @executable_path/Frameworks";
				OTHER_LDFLAGS = "-lc++";
				PRODUCT_NAME = "$(TARGET_NAME)";
				SWIFT_OBJC_BRIDGING_HEADER = BridgingHeader.h;
				SWIFT_OPTIMIZATION_LEVEL = "-Onone";
			};
			name = Debug;
		};
		361402D51BB2AC5B002E69CA /* Release */ = {
			isa = XCBuildConfiguration;
			buildSettings = {
				ASSETCATALOG_COMPILER_APPICON_NAME = AppIcon;
				FRAMEWORK_SEARCH_PATHS = (
					"$(inherited)",
					"/Users/Orbitum/Projects/VirgilPods/VirgilCryptoiOS/Frameworks/**",
				);
				HEADER_SEARCH_PATHS = (
					"$(inherited)",
					/Applications/Xcode.app/Contents/Developer/Toolchains/XcodeDefault.xctoolchain/usr/include,
					"${PROJECT_DIR}/../Frameworks/ios/VirgilCrypto.framework/Headers",
				);
				INFOPLIST_FILE = VirgilCryptoSwift/Info.plist;
				LD_RUNPATH_SEARCH_PATHS = "$(inherited) @executable_path/Frameworks";
				OTHER_LDFLAGS = "-lc++";
				PRODUCT_NAME = "$(TARGET_NAME)";
				SWIFT_OBJC_BRIDGING_HEADER = BridgingHeader.h;
			};
			name = Release;
		};
		361402D71BB2AC5B002E69CA /* Debug */ = {
			isa = XCBuildConfiguration;
			buildSettings = {
				BUNDLE_LOADER = "$(TEST_HOST)";
				FRAMEWORK_SEARCH_PATHS = (
					"$(SDKROOT)/Developer/Library/Frameworks",
					"$(inherited)",
					"/Users/Orbitum/Projects/VirgilPods/VirgilCryptoiOS/Frameworks/**",
				);
				GCC_PREPROCESSOR_DEFINITIONS = (
					"DEBUG=1",
					"$(inherited)",
				);
				HEADER_SEARCH_PATHS = (
					"$(inherited)",
					/Applications/Xcode.app/Contents/Developer/Toolchains/XcodeDefault.xctoolchain/usr/include,
					"${PROJECT_DIR}/../Frameworks/ios/VirgilCrypto.framework/Headers",
				);
				INFOPLIST_FILE = VirgilCryptoSwiftTests/Info.plist;
				LD_RUNPATH_SEARCH_PATHS = "$(inherited) @executable_path/Frameworks @loader_path/Frameworks";
				PRODUCT_NAME = "$(TARGET_NAME)";
				SWIFT_OBJC_BRIDGING_HEADER = BridgingHeader.h;
				TEST_HOST = "$(BUILT_PRODUCTS_DIR)/VirgilCryptoSwift.app/VirgilCryptoSwift";
			};
			name = Debug;
		};
		361402D81BB2AC5B002E69CA /* Release */ = {
			isa = XCBuildConfiguration;
			buildSettings = {
				BUNDLE_LOADER = "$(TEST_HOST)";
				FRAMEWORK_SEARCH_PATHS = (
					"$(SDKROOT)/Developer/Library/Frameworks",
					"$(inherited)",
					"/Users/Orbitum/Projects/VirgilPods/VirgilCryptoiOS/Frameworks/**",
				);
				HEADER_SEARCH_PATHS = (
					"$(inherited)",
					/Applications/Xcode.app/Contents/Developer/Toolchains/XcodeDefault.xctoolchain/usr/include,
					"${PROJECT_DIR}/../Frameworks/ios/VirgilCrypto.framework/Headers",
				);
				INFOPLIST_FILE = VirgilCryptoSwiftTests/Info.plist;
				LD_RUNPATH_SEARCH_PATHS = "$(inherited) @executable_path/Frameworks @loader_path/Frameworks";
				PRODUCT_NAME = "$(TARGET_NAME)";
				SWIFT_OBJC_BRIDGING_HEADER = BridgingHeader.h;
				TEST_HOST = "$(BUILT_PRODUCTS_DIR)/VirgilCryptoSwift.app/VirgilCryptoSwift";
			};
			name = Release;
		};
/* End XCBuildConfiguration section */

/* Begin XCConfigurationList section */
		361402701BB2A6CB002E69CA /* Build configuration list for PBXProject "VirgilCypto" */ = {
			isa = XCConfigurationList;
			buildConfigurations = (
				361402961BB2A6CB002E69CA /* Debug */,
				361402971BB2A6CB002E69CA /* Release */,
			);
			defaultConfigurationIsVisible = 0;
			defaultConfigurationName = Release;
		};
		361402981BB2A6CB002E69CA /* Build configuration list for PBXNativeTarget "VirgilCypto" */ = {
			isa = XCConfigurationList;
			buildConfigurations = (
				361402991BB2A6CB002E69CA /* Debug */,
				3614029A1BB2A6CB002E69CA /* Release */,
			);
			defaultConfigurationIsVisible = 0;
			defaultConfigurationName = Release;
		};
		3614029B1BB2A6CB002E69CA /* Build configuration list for PBXNativeTarget "VirgilCyptoTests" */ = {
			isa = XCConfigurationList;
			buildConfigurations = (
				3614029C1BB2A6CB002E69CA /* Debug */,
				3614029D1BB2A6CB002E69CA /* Release */,
			);
			defaultConfigurationIsVisible = 0;
			defaultConfigurationName = Release;
		};
		361402D31BB2AC5B002E69CA /* Build configuration list for PBXNativeTarget "VirgilCryptoSwift" */ = {
			isa = XCConfigurationList;
			buildConfigurations = (
				361402D41BB2AC5B002E69CA /* Debug */,
				361402D51BB2AC5B002E69CA /* Release */,
			);
			defaultConfigurationIsVisible = 0;
			defaultConfigurationName = Release;
		};
		361402D61BB2AC5B002E69CA /* Build configuration list for PBXNativeTarget "VirgilCryptoSwiftTests" */ = {
			isa = XCConfigurationList;
			buildConfigurations = (
				361402D71BB2AC5B002E69CA /* Debug */,
				361402D81BB2AC5B002E69CA /* Release */,
			);
			defaultConfigurationIsVisible = 0;
			defaultConfigurationName = Release;
		};
/* End XCConfigurationList section */
	};
	rootObject = 3614026D1BB2A6CB002E69CA /* Project object */;
}
