{
  "pins" : [
    {
      "identity" : "virgil-crypto-c",
      "kind" : "remoteSourceControl",
      "location" : "https://github.com/VirgilSecurity/virgil-crypto-c",
      "state" : {
        "branch" : "develop",
        "revision" : "8cce0e3114c1266b85e0e8fd54b83b5faa19dff9"
      }
    }
  ],
  "version" : 2
}
