{
  "pins" : [
    {
      "identity" : "virgil-crypto-c",
      "kind" : "remoteSourceControl",
      "location" : "https://github.com/VirgilSecurity/virgil-crypto-c",
      "state" : {
        "branch" : "develop",
        "revision" : "abf2fd17e39e3f10f63af5fefea3b32b449bb56c"
      }
    }
  ],
  "version" : 2
}
