{
  "pins" : [
    {
      "identity" : "virgil-crypto-c",
      "kind" : "remoteSourceControl",
      "location" : "https://github.com/VirgilSecurity/virgil-crypto-c",
      "state" : {
        "revision" : "591c32a4c54378e750c80052d7588df8056525b0",
        "version" : "0.17.0"
      }
    }
  ],
  "version" : 2
}
